// !$*UTF8*$!
{
	archiveVersion = 1;
	classes = {
	};
	objectVersion = 48;
	objects = {

/* Begin PBXBuildFile section */
		70B7F80C1F916E7F0020A56F /* NimSumCalc.swift in Sources */ = {isa = PBXBuildFile; fileRef = 70B7F80B1F916E7F0020A56F /* NimSumCalc.swift */; };
		70E913BB1F87BAF800973F4C /* AppDelegate.swift in Sources */ = {isa = PBXBuildFile; fileRef = 70E913BA1F87BAF800973F4C /* AppDelegate.swift */; };
		70E913BD1F87BAF800973F4C /* ViewController.swift in Sources */ = {isa = PBXBuildFile; fileRef = 70E913BC1F87BAF800973F4C /* ViewController.swift */; };
		70E913C01F87BAF800973F4C /* Main.storyboard in Resources */ = {isa = PBXBuildFile; fileRef = 70E913BE1F87BAF800973F4C /* Main.storyboard */; };
		70E913C21F87BAF800973F4C /* Assets.xcassets in Resources */ = {isa = PBXBuildFile; fileRef = 70E913C11F87BAF800973F4C /* Assets.xcassets */; };
		70E913C51F87BAF800973F4C /* LaunchScreen.storyboard in Resources */ = {isa = PBXBuildFile; fileRef = 70E913C31F87BAF800973F4C /* LaunchScreen.storyboard */; };
/* End PBXBuildFile section */

/* Begin PBXFileReference section */
		70B7F80B1F916E7F0020A56F /* NimSumCalc.swift */ = {isa = PBXFileReference; lastKnownFileType = sourcecode.swift; path = NimSumCalc.swift; sourceTree = "<group>"; };
		70E913B71F87BAF800973F4C /* NimSum.app */ = {isa = PBXFileReference; explicitFileType = wrapper.application; includeInIndex = 0; path = NimSum.app; sourceTree = BUILT_PRODUCTS_DIR; };
		70E913BA1F87BAF800973F4C /* AppDelegate.swift */ = {isa = PBXFileReference; lastKnownFileType = sourcecode.swift; path = AppDelegate.swift; sourceTree = "<group>"; };
		70E913BC1F87BAF800973F4C /* ViewController.swift */ = {isa = PBXFileReference; lastKnownFileType = sourcecode.swift; path = ViewController.swift; sourceTree = "<group>"; };
		70E913BF1F87BAF800973F4C /* Base */ = {isa = PBXFileReference; lastKnownFileType = file.storyboard; name = Base; path = Base.lproj/Main.storyboard; sourceTree = "<group>"; };
		70E913C11F87BAF800973F4C /* Assets.xcassets */ = {isa = PBXFileReference; lastKnownFileType = folder.assetcatalog; path = Assets.xcassets; sourceTree = "<group>"; };
		70E913C41F87BAF800973F4C /* Base */ = {isa = PBXFileReference; lastKnownFileType = file.storyboard; name = Base; path = Base.lproj/LaunchScreen.storyboard; sourceTree = "<group>"; };
		70E913C61F87BAF800973F4C /* Info.plist */ = {isa = PBXFileReference; lastKnownFileType = text.plist.xml; path = Info.plist; sourceTree = "<group>"; };
/* End PBXFileReference section */

/* Begin PBXFrameworksBuildPhase section */
		70E913B41F87BAF800973F4C /* Frameworks */ = {
			isa = PBXFrameworksBuildPhase;
			buildActionMask = 2147483647;
			files = (
			);
			runOnlyForDeploymentPostprocessing = 0;
		};
/* End PBXFrameworksBuildPhase section */

/* Begin PBXGroup section */
		70E913AE1F87BAF800973F4C = {
			isa = PBXGroup;
			children = (
				70E913B91F87BAF800973F4C /* NimSum */,
				70E913B81F87BAF800973F4C /* Products */,
			);
			sourceTree = "<group>";
		};
		70E913B81F87BAF800973F4C /* Products */ = {
			isa = PBXGroup;
			children = (
				70E913B71F87BAF800973F4C /* NimSum.app */,
			);
			name = Products;
			sourceTree = "<group>";
		};
		70E913B91F87BAF800973F4C /* NimSum */ = {
			isa = PBXGroup;
			children = (
				70B7F80B1F916E7F0020A56F /* NimSumCalc.swift */,
				70E913BA1F87BAF800973F4C /* AppDelegate.swift */,
				70E913BC1F87BAF800973F4C /* ViewController.swift */,
				70E913BE1F87BAF800973F4C /* Main.storyboard */,
				70E913C11F87BAF800973F4C /* Assets.xcassets */,
				70E913C31F87BAF800973F4C /* LaunchScreen.storyboard */,
				70E913C61F87BAF800973F4C /* Info.plist */,
			);
			path = NimSum;
			sourceTree = "<group>";
		};
/* End PBXGroup section */

/* Begin PBXNativeTarget section */
		70E913B61F87BAF800973F4C /* NimSum */ = {
			isa = PBXNativeTarget;
			buildConfigurationList = 70E913C91F87BAF800973F4C /* Build configuration list for PBXNativeTarget "NimSum" */;
			buildPhases = (
				70E913B31F87BAF800973F4C /* Sources */,
				70E913B41F87BAF800973F4C /* Frameworks */,
				70E913B51F87BAF800973F4C /* Resources */,
			);
			buildRules = (
			);
			dependencies = (
			);
			name = NimSum;
			productName = NimSum;
			productReference = 70E913B71F87BAF800973F4C /* NimSum.app */;
			productType = "com.apple.product-type.application";
		};
/* End PBXNativeTarget section */

/* Begin PBXProject section */
		70E913AF1F87BAF800973F4C /* Project object */ = {
			isa = PBXProject;
			attributes = {
				LastSwiftUpdateCheck = 0900;
				LastUpgradeCheck = 0900;
				ORGANIZATIONNAME = "Kuba Zeligowski";
				TargetAttributes = {
					70E913B61F87BAF800973F4C = {
						CreatedOnToolsVersion = 9.0;
						ProvisioningStyle = Automatic;
					};
				};
			};
			buildConfigurationList = 70E913B21F87BAF800973F4C /* Build configuration list for PBXProject "NimSum" */;
			compatibilityVersion = "Xcode 8.0";
			developmentRegion = en;
			hasScannedForEncodings = 0;
			knownRegions = (
				en,
				Base,
			);
			mainGroup = 70E913AE1F87BAF800973F4C;
			productRefGroup = 70E913B81F87BAF800973F4C /* Products */;
			projectDirPath = "";
			projectRoot = "";
			targets = (
				70E913B61F87BAF800973F4C /* NimSum */,
			);
		};
/* End PBXProject section */

/* Begin PBXResourcesBuildPhase section */
		70E913B51F87BAF800973F4C /* Resources */ = {
			isa = PBXResourcesBuildPhase;
			buildActionMask = 2147483647;
			files = (
				70E913C51F87BAF800973F4C /* LaunchScreen.storyboard in Resources */,
				70E913C21F87BAF800973F4C /* Assets.xcassets in Resources */,
				70E913C01F87BAF800973F4C /* Main.storyboard in Resources */,
			);
			runOnlyForDeploymentPostprocessing = 0;
		};
/* End PBXResourcesBuildPhase section */

/* Begin PBXSourcesBuildPhase section */
		70E913B31F87BAF800973F4C /* Sources */ = {
			isa = PBXSourcesBuildPhase;
			buildActionMask = 2147483647;
			files = (
				70E913BD1F87BAF800973F4C /* ViewController.swift in Sources */,
				70B7F80C1F916E7F0020A56F /* NimSumCalc.swift in Sources */,
				70E913BB1F87BAF800973F4C /* AppDelegate.swift in Sources */,
			);
			runOnlyForDeploymentPostprocessing = 0;
		};
/* End PBXSourcesBuildPhase section */

/* Begin PBXVariantGroup section */
		70E913BE1F87BAF800973F4C /* Main.storyboard */ = {
			isa = PBXVariantGroup;
			children = (
				70E913BF1F87BAF800973F4C /* Base */,
			);
			name = Main.storyboard;
			sourceTree = "<group>";
		};
		70E913C31F87BAF800973F4C /* LaunchScreen.storyboard */ = {
			isa = PBXVariantGroup;
			children = (
				70E913C41F87BAF800973F4C /* Base */,
			);
			name = LaunchScreen.storyboard;
			sourceTree = "<group>";
		};
/* End PBXVariantGroup section */

/* Begin XCBuildConfiguration section */
		70E913C71F87BAF800973F4C /* Debug */ = {
			isa = XCBuildConfiguration;
			buildSettings = {
				ALWAYS_SEARCH_USER_PATHS = NO;
				CLANG_ANALYZER_NONNULL = YES;
				CLANG_ANALYZER_NUMBER_OBJECT_CONVERSION = YES_AGGRESSIVE;
				CLANG_CXX_LANGUAGE_STANDARD = "gnu++14";
				CLANG_CXX_LIBRARY = "libc++";
				CLANG_ENABLE_MODULES = YES;
				CLANG_ENABLE_OBJC_ARC = YES;
				CLANG_WARN_BLOCK_CAPTURE_AUTORELEASING = YES;
				CLANG_WARN_BOOL_CONVERSION = YES;
				CLANG_WARN_COMMA = YES;
				CLANG_WARN_CONSTANT_CONVERSION = YES;
				CLANG_WARN_DIRECT_OBJC_ISA_USAGE = YES_ERROR;
				CLANG_WARN_DOCUMENTATION_COMMENTS = YES;
				CLANG_WARN_EMPTY_BODY = YES;
				CLANG_WARN_ENUM_CONVERSION = YES;
				CLANG_WARN_INFINITE_RECURSION = YES;
				CLANG_WARN_INT_CONVERSION = YES;
				CLANG_WARN_NON_LITERAL_NULL_CONVERSION = YES;
				CLANG_WARN_OBJC_LITERAL_CONVERSION = YES;
				CLANG_WARN_OBJC_ROOT_CLASS = YES_ERROR;
				CLANG_WARN_RANGE_LOOP_ANALYSIS = YES;
				CLANG_WARN_STRICT_PROTOTYPES = YES;
				CLANG_WARN_SUSPICIOUS_MOVE = YES;
				CLANG_WARN_UNGUARDED_AVAILABILITY = YES_AGGRESSIVE;
				CLANG_WARN_UNREACHABLE_CODE = YES;
				CLANG_WARN__DUPLICATE_METHOD_MATCH = YES;
				CODE_SIGN_IDENTITY = "iPhone Developer";
				"CODE_SIGN_IDENTITY[sdk=*]" = "iPhone Developer";
				CODE_SIGN_STYLE = Automatic;
				COPY_PHASE_STRIP = NO;
				DEBUG_INFORMATION_FORMAT = dwarf;
				DEVELOPMENT_TEAM = 6E6HG384J8;
				ENABLE_STRICT_OBJC_MSGSEND = YES;
				ENABLE_TESTABILITY = YES;
				GCC_C_LANGUAGE_STANDARD = gnu11;
				GCC_DYNAMIC_NO_PIC = NO;
				GCC_NO_COMMON_BLOCKS = YES;
				GCC_OPTIMIZATION_LEVEL = 0;
				GCC_PREPROCESSOR_DEFINITIONS = (
					"DEBUG=1",
					"$(inherited)",
				);
				GCC_WARN_64_TO_32_BIT_CONVERSION = YES;
				GCC_WARN_ABOUT_RETURN_TYPE = YES_ERROR;
				GCC_WARN_UNDECLARED_SELECTOR = YES;
				GCC_WARN_UNINITIALIZED_AUTOS = YES_AGGRESSIVE;
				GCC_WARN_UNUSED_FUNCTION = YES;
				GCC_WARN_UNUSED_VARIABLE = YES;
				IPHONEOS_DEPLOYMENT_TARGET = 11.0;
				MTL_ENABLE_DEBUG_INFO = YES;
				ONLY_ACTIVE_ARCH = YES;
				SDKROOT = iphoneos;
				SWIFT_ACTIVE_COMPILATION_CONDITIONS = DEBUG;
				SWIFT_OPTIMIZATION_LEVEL = "-Onone";
			};
			name = Debug;
		};
		70E913C81F87BAF800973F4C /* Release */ = {
			isa = XCBuildConfiguration;
			buildSettings = {
				ALWAYS_SEARCH_USER_PATHS = NO;
				CLANG_ANALYZER_NONNULL = YES;
				CLANG_ANALYZER_NUMBER_OBJECT_CONVERSION = YES_AGGRESSIVE;
				CLANG_CXX_LANGUAGE_STANDARD = "gnu++14";
				CLANG_CXX_LIBRARY = "libc++";
				CLANG_ENABLE_MODULES = YES;
				CLANG_ENABLE_OBJC_ARC = YES;
				CLANG_WARN_BLOCK_CAPTURE_AUTORELEASING = YES;
				CLANG_WARN_BOOL_CONVERSION = YES;
				CLANG_WARN_COMMA = YES;
				CLANG_WARN_CONSTANT_CONVERSION = YES;
				CLANG_WARN_DIRECT_OBJC_ISA_USAGE = YES_ERROR;
				CLANG_WARN_DOCUMENTATION_COMMENTS = YES;
				CLANG_WARN_EMPTY_BODY = YES;
				CLANG_WARN_ENUM_CONVERSION = YES;
				CLANG_WARN_INFINITE_RECURSION = YES;
				CLANG_WARN_INT_CONVERSION = YES;
				CLANG_WARN_NON_LITERAL_NULL_CONVERSION = YES;
				CLANG_WARN_OBJC_LITERAL_CONVERSION = YES;
				CLANG_WARN_OBJC_ROOT_CLASS = YES_ERROR;
				CLANG_WARN_RANGE_LOOP_ANALYSIS = YES;
				CLANG_WARN_STRICT_PROTOTYPES = YES;
				CLANG_WARN_SUSPICIOUS_MOVE = YES;
				CLANG_WARN_UNGUARDED_AVAILABILITY = YES_AGGRESSIVE;
				CLANG_WARN_UNREACHABLE_CODE = YES;
				CLANG_WARN__DUPLICATE_METHOD_MATCH = YES;
				CODE_SIGN_IDENTITY = "iPhone Developer";
				"CODE_SIGN_IDENTITY[sdk=*]" = "iPhone Developer";
				CODE_SIGN_STYLE = Automatic;
				COPY_PHASE_STRIP = NO;
				DEBUG_INFORMATION_FORMAT = "dwarf-with-dsym";
				DEVELOPMENT_TEAM = 6E6HG384J8;
				ENABLE_NS_ASSERTIONS = NO;
				ENABLE_STRICT_OBJC_MSGSEND = YES;
				GCC_C_LANGUAGE_STANDARD = gnu11;
				GCC_NO_COMMON_BLOCKS = YES;
				GCC_WARN_64_TO_32_BIT_CONVERSION = YES;
				GCC_WARN_ABOUT_RETURN_TYPE = YES_ERROR;
				GCC_WARN_UNDECLARED_SELECTOR = YES;
				GCC_WARN_UNINITIALIZED_AUTOS = YES_AGGRESSIVE;
				GCC_WARN_UNUSED_FUNCTION = YES;
				GCC_WARN_UNUSED_VARIABLE = YES;
				IPHONEOS_DEPLOYMENT_TARGET = 11.0;
				MTL_ENABLE_DEBUG_INFO = NO;
				SDKROOT = iphoneos;
				SWIFT_OPTIMIZATION_LEVEL = "-Owholemodule";
				VALIDATE_PRODUCT = YES;
			};
			name = Release;
		};
		70E913CA1F87BAF800973F4C /* Debug */ = {
			isa = XCBuildConfiguration;
			buildSettings = {
				ASSETCATALOG_COMPILER_APPICON_NAME = AppIcon;
				CODE_SIGN_STYLE = Automatic;
				DEVELOPMENT_TEAM = 6E6HG384J8;
				INFOPLIST_FILE = NimSum/Info.plist;
				LD_RUNPATH_SEARCH_PATHS = "$(inherited) @executable_path/Frameworks";
				PRODUCT_BUNDLE_IDENTIFIER = huncfut.NimSum;
				PRODUCT_NAME = "$(TARGET_NAME)";
				SWIFT_VERSION = 4.0;
				TARGETED_DEVICE_FAMILY = "1,2";
			};
			name = Debug;
		};
		70E913CB1F87BAF800973F4C /* Release */ = {
			isa = XCBuildConfiguration;
			buildSettings = {
				ASSETCATALOG_COMPILER_APPICON_NAME = AppIcon;
				CODE_SIGN_STYLE = Automatic;
				DEVELOPMENT_TEAM = 6E6HG384J8;
				INFOPLIST_FILE = NimSum/Info.plist;
				LD_RUNPATH_SEARCH_PATHS = "$(inherited) @executable_path/Frameworks";
				PRODUCT_BUNDLE_IDENTIFIER = huncfut.NimSum;
				PRODUCT_NAME = "$(TARGET_NAME)";
				SWIFT_VERSION = 4.0;
				TARGETED_DEVICE_FAMILY = "1,2";
			};
			name = Release;
		};
/* End XCBuildConfiguration section */

/* Begin XCConfigurationList section */
		70E913B21F87BAF800973F4C /* Build configuration list for PBXProject "NimSum" */ = {
			isa = XCConfigurationList;
			buildConfigurations = (
				70E913C71F87BAF800973F4C /* Debug */,
				70E913C81F87BAF800973F4C /* Release */,
			);
			defaultConfigurationIsVisible = 0;
			defaultConfigurationName = Release;
		};
		70E913C91F87BAF800973F4C /* Build configuration list for PBXNativeTarget "NimSum" */ = {
			isa = XCConfigurationList;
			buildConfigurations = (
				70E913CA1F87BAF800973F4C /* Debug */,
				70E913CB1F87BAF800973F4C /* Release */,
			);
			defaultConfigurationIsVisible = 0;
			defaultConfigurationName = Release;
		};
/* End XCConfigurationList section */
	};
	rootObject = 70E913AF1F87BAF800973F4C /* Project object */;
}
